{
  "name": "agent-poker",
  "lockfileVersion": 3,
  "requires": true,
  "packages": {
    "": {
      "dependencies": {
        "akg-ts": "^0.1.0"
      }
    },
    "node_modules/akg-ts": {
      "version": "0.1.0",
      "resolved": "https://registry.npmjs.org/akg-ts/-/akg-ts-0.1.0.tgz",
      "integrity": "sha512-R65PmdubqE2JQnJamm7U7iNHg11K79LN9oDV7NG4fBbpHnTA6Z/dk3olngigqFEiNUyTclvsXW5qsiLCwAdTHg=="
    }
  }
}
